
Microsoft Visual Studio Solution File, Format Version 12.00
# Visual Studio Version 17
VisualStudioVersion = 17.6.33723.286
MinimumVisualStudioVersion = 10.0.40219.1
Project("{FAE04EC0-301F-11D3-BF4B-00C04F79EFBC}") = "Collections", "Collections.csproj", "{7F80542F-CF29-4044-9FDE-0A1F7885FB12}"
EndProject
Project("{FAE04EC0-301F-11D3-BF4B-00C04F79EFBC}") = "Lists", "..\Lists\Lists.csproj", "{9C44AE34-A450-4425-94EF-20EFF0383BA0}"
EndProject
Project("{FAE04EC0-301F-11D3-BF4B-00C04F79EFBC}") = "Stack", "..\Stack\Stack.csproj", "{D5845C70-AAEA-40C9-AFFE-D7F5236A7DBB}"
EndProject
Project("{FAE04EC0-301F-11D3-BF4B-00C04F79EFBC}") = "Queue", "..\Queue\Queue.csproj", "{F4662AF0-B2BF-438F-B308-714F2437AF3F}"
EndProject
Project("{FAE04EC0-301F-11D3-BF4B-00C04F79EFBC}") = "Dictionary", "..\Dictionary\Dictionary.csproj", "{C8C305C5-8157-4C80-88E6-703212980F6D}"
EndProject
Global
	GlobalSection(SolutionConfigurationPlatforms) = preSolution
		Debug|Any CPU = Debug|Any CPU
		Release|Any CPU = Release|Any CPU
	EndGlobalSection
	GlobalSection(ProjectConfigurationPlatforms) = postSolution
		{7F80542F-CF29-4044-9FDE-0A1F7885FB12}.Debug|Any CPU.ActiveCfg = Debug|Any CPU
		{7F80542F-CF29-4044-9FDE-0A1F7885FB12}.Debug|Any CPU.Build.0 = Debug|Any CPU
		{7F80542F-CF29-4044-9FDE-0A1F7885FB12}.Release|Any CPU.ActiveCfg = Release|Any CPU
		{7F80542F-CF29-4044-9FDE-0A1F7885FB12}.Release|Any CPU.Build.0 = Release|Any CPU
		{9C44AE34-A450-4425-94EF-20EFF0383BA0}.Debug|Any CPU.ActiveCfg = Debug|Any CPU
		{9C44AE34-A450-4425-94EF-20EFF0383BA0}.Debug|Any CPU.Build.0 = Debug|Any CPU
		{9C44AE34-A450-4425-94EF-20EFF0383BA0}.Release|Any CPU.ActiveCfg = Release|Any CPU
		{9C44AE34-A450-4425-94EF-20EFF0383BA0}.Release|Any CPU.Build.0 = Release|Any CPU
		{D5845C70-AAEA-40C9-AFFE-D7F5236A7DBB}.Debug|Any CPU.ActiveCfg = Debug|Any CPU
		{D5845C70-AAEA-40C9-AFFE-D7F5236A7DBB}.Debug|Any CPU.Build.0 = Debug|Any CPU
		{D5845C70-AAEA-40C9-AFFE-D7F5236A7DBB}.Release|Any CPU.ActiveCfg = Release|Any CPU
		{D5845C70-AAEA-40C9-AFFE-D7F5236A7DBB}.Release|Any CPU.Build.0 = Release|Any CPU
		{F4662AF0-B2BF-438F-B308-714F2437AF3F}.Debug|Any CPU.ActiveCfg = Debug|Any CPU
		{F4662AF0-B2BF-438F-B308-714F2437AF3F}.Debug|Any CPU.Build.0 = Debug|Any CPU
		{F4662AF0-B2BF-438F-B308-714F2437AF3F}.Release|Any CPU.ActiveCfg = Release|Any CPU
		{F4662AF0-B2BF-438F-B308-714F2437AF3F}.Release|Any CPU.Build.0 = Release|Any CPU
		{C8C305C5-8157-4C80-88E6-703212980F6D}.Debug|Any CPU.ActiveCfg = Debug|Any CPU
		{C8C305C5-8157-4C80-88E6-703212980F6D}.Debug|Any CPU.Build.0 = Debug|Any CPU
		{C8C305C5-8157-4C80-88E6-703212980F6D}.Release|Any CPU.ActiveCfg = Release|Any CPU
		{C8C305C5-8157-4C80-88E6-703212980F6D}.Release|Any CPU.Build.0 = Release|Any CPU
	EndGlobalSection
	GlobalSection(SolutionProperties) = preSolution
		HideSolutionNode = FALSE
	EndGlobalSection
	GlobalSection(ExtensibilityGlobals) = postSolution
		SolutionGuid = {FD4858BC-0E76-44DD-9CC0-47E23C1AD7FF}
	EndGlobalSection
EndGlobal
