
Microsoft Visual Studio Solution File, Format Version 12.00
# Visual Studio Version 17
VisualStudioVersion = 17.6.33723.286
MinimumVisualStudioVersion = 10.0.40219.1
Project("{9A19103F-16F7-4668-BE54-9A1E7A4F7556}") = "Collections", "Collections.csproj", "{7F80542F-CF29-4044-9FDE-0A1F7885FB12}"
EndProject
Project("{9A19103F-16F7-4668-BE54-9A1E7A4F7556}") = "Lists", "Lists\Lists.csproj", "{77ABA915-6792-407C-97E4-C333F5DFCD43}"
EndProject
Project("{9A19103F-16F7-4668-BE54-9A1E7A4F7556}") = "Dictionary", "Dictionary\Dictionary.csproj", "{525CE694-8465-4B5A-88A1-6F70E292C99B}"
EndProject
Project("{9A19103F-16F7-4668-BE54-9A1E7A4F7556}") = "Queue", "Queue\Queue.csproj", "{B0D1E890-DC7D-4464-BFA9-22B204A1A1EE}"
EndProject
Project("{9A19103F-16F7-4668-BE54-9A1E7A4F7556}") = "Stack", "Stack\Stack.csproj", "{72643E20-CC1F-4CC4-981F-4E0C378DB11C}"
EndProject
Global
	GlobalSection(SolutionConfigurationPlatforms) = preSolution
		Debug|Any CPU = Debug|Any CPU
		Release|Any CPU = Release|Any CPU
	EndGlobalSection
	GlobalSection(ProjectConfigurationPlatforms) = postSolution
		{7F80542F-CF29-4044-9FDE-0A1F7885FB12}.Debug|Any CPU.ActiveCfg = Debug|Any CPU
		{7F80542F-CF29-4044-9FDE-0A1F7885FB12}.Debug|Any CPU.Build.0 = Debug|Any CPU
		{7F80542F-CF29-4044-9FDE-0A1F7885FB12}.Release|Any CPU.ActiveCfg = Release|Any CPU
		{7F80542F-CF29-4044-9FDE-0A1F7885FB12}.Release|Any CPU.Build.0 = Release|Any CPU
		{77ABA915-6792-407C-97E4-C333F5DFCD43}.Debug|Any CPU.ActiveCfg = Debug|Any CPU
		{77ABA915-6792-407C-97E4-C333F5DFCD43}.Debug|Any CPU.Build.0 = Debug|Any CPU
		{77ABA915-6792-407C-97E4-C333F5DFCD43}.Release|Any CPU.ActiveCfg = Release|Any CPU
		{77ABA915-6792-407C-97E4-C333F5DFCD43}.Release|Any CPU.Build.0 = Release|Any CPU
		{525CE694-8465-4B5A-88A1-6F70E292C99B}.Debug|Any CPU.ActiveCfg = Debug|Any CPU
		{525CE694-8465-4B5A-88A1-6F70E292C99B}.Debug|Any CPU.Build.0 = Debug|Any CPU
		{525CE694-8465-4B5A-88A1-6F70E292C99B}.Release|Any CPU.ActiveCfg = Release|Any CPU
		{525CE694-8465-4B5A-88A1-6F70E292C99B}.Release|Any CPU.Build.0 = Release|Any CPU
		{B0D1E890-DC7D-4464-BFA9-22B204A1A1EE}.Debug|Any CPU.ActiveCfg = Debug|Any CPU
		{B0D1E890-DC7D-4464-BFA9-22B204A1A1EE}.Debug|Any CPU.Build.0 = Debug|Any CPU
		{B0D1E890-DC7D-4464-BFA9-22B204A1A1EE}.Release|Any CPU.ActiveCfg = Release|Any CPU
		{B0D1E890-DC7D-4464-BFA9-22B204A1A1EE}.Release|Any CPU.Build.0 = Release|Any CPU
		{72643E20-CC1F-4CC4-981F-4E0C378DB11C}.Debug|Any CPU.ActiveCfg = Debug|Any CPU
		{72643E20-CC1F-4CC4-981F-4E0C378DB11C}.Debug|Any CPU.Build.0 = Debug|Any CPU
		{72643E20-CC1F-4CC4-981F-4E0C378DB11C}.Release|Any CPU.ActiveCfg = Release|Any CPU
		{72643E20-CC1F-4CC4-981F-4E0C378DB11C}.Release|Any CPU.Build.0 = Release|Any CPU
	EndGlobalSection
	GlobalSection(SolutionProperties) = preSolution
		HideSolutionNode = FALSE
	EndGlobalSection
	GlobalSection(ExtensibilityGlobals) = postSolution
		SolutionGuid = {FD4858BC-0E76-44DD-9CC0-47E23C1AD7FF}
	EndGlobalSection
EndGlobal
