
Microsoft Visual Studio Solution File, Format Version 12.00
# Visual Studio Version 17
VisualStudioVersion = 17.6.33723.286
MinimumVisualStudioVersion = 10.0.40219.1
Project("{FAE04EC0-301F-11D3-BF4B-00C04F79EFBC}") = "ArraysPractice", "ArraysPractice.csproj", "{E58F5F88-F6F2-473D-95DF-9108957D484F}"
EndProject
Global
	GlobalSection(SolutionConfigurationPlatforms) = preSolution
		Debug|Any CPU = Debug|Any CPU
		Release|Any CPU = Release|Any CPU
	EndGlobalSection
	GlobalSection(ProjectConfigurationPlatforms) = postSolution
		{E58F5F88-F6F2-473D-95DF-9108957D484F}.Debug|Any CPU.ActiveCfg = Debug|Any CPU
		{E58F5F88-F6F2-473D-95DF-9108957D484F}.Debug|Any CPU.Build.0 = Debug|Any CPU
		{E58F5F88-F6F2-473D-95DF-9108957D484F}.Release|Any CPU.ActiveCfg = Release|Any CPU
		{E58F5F88-F6F2-473D-95DF-9108957D484F}.Release|Any CPU.Build.0 = Release|Any CPU
	EndGlobalSection
	GlobalSection(SolutionProperties) = preSolution
		HideSolutionNode = FALSE
	EndGlobalSection
	GlobalSection(ExtensibilityGlobals) = postSolution
		SolutionGuid = {B56C5E87-68F9-4565-B5D0-322832F0360C}
	EndGlobalSection
EndGlobal
