
Microsoft Visual Studio Solution File, Format Version 12.00
# Visual Studio Version 17
VisualStudioVersion = 17.6.33723.286
MinimumVisualStudioVersion = 10.0.40219.1
Project("{FAE04EC0-301F-11D3-BF4B-00C04F79EFBC}") = "Loops", "Loops.csproj", "{87A297D4-C4EE-471E-B12A-02C3DA15620E}"
EndProject
Global
	GlobalSection(SolutionConfigurationPlatforms) = preSolution
		Debug|Any CPU = Debug|Any CPU
		Release|Any CPU = Release|Any CPU
	EndGlobalSection
	GlobalSection(ProjectConfigurationPlatforms) = postSolution
		{87A297D4-C4EE-471E-B12A-02C3DA15620E}.Debug|Any CPU.ActiveCfg = Debug|Any CPU
		{87A297D4-C4EE-471E-B12A-02C3DA15620E}.Debug|Any CPU.Build.0 = Debug|Any CPU
		{87A297D4-C4EE-471E-B12A-02C3DA15620E}.Release|Any CPU.ActiveCfg = Release|Any CPU
		{87A297D4-C4EE-471E-B12A-02C3DA15620E}.Release|Any CPU.Build.0 = Release|Any CPU
	EndGlobalSection
	GlobalSection(SolutionProperties) = preSolution
		HideSolutionNode = FALSE
	EndGlobalSection
	GlobalSection(ExtensibilityGlobals) = postSolution
		SolutionGuid = {1FF4DA30-1193-4530-8819-AD51C3E3470B}
	EndGlobalSection
EndGlobal
